
Microsoft Visual Studio Solution File, Format Version 11.00
# Visual Studio 2010
Project("{FAE04EC0-301F-11D3-BF4B-00C04F79EFBC}") = "Kit Decision App", "Kit Decision App\Kit Decision App.csproj", "{9205F0C0-C6A3-4238-923D-CDD79B07F0E3}"
EndProject
Global
	GlobalSection(SolutionConfigurationPlatforms) = preSolution
		Debug|x86 = Debug|x86
		Release|x86 = Release|x86
	EndGlobalSection
	GlobalSection(ProjectConfigurationPlatforms) = postSolution
		{9205F0C0-C6A3-4238-923D-CDD79B07F0E3}.Debug|x86.ActiveCfg = Release|x86
		{9205F0C0-C6A3-4238-923D-CDD79B07F0E3}.Debug|x86.Build.0 = Release|x86
		{9205F0C0-C6A3-4238-923D-CDD79B07F0E3}.Release|x86.ActiveCfg = Release|x86
		{9205F0C0-C6A3-4238-923D-CDD79B07F0E3}.Release|x86.Build.0 = Release|x86
	EndGlobalSection
	GlobalSection(SolutionProperties) = preSolution
		HideSolutionNode = FALSE
	EndGlobalSection
EndGlobal
